// !$*UTF8*$!
{
	archiveVersion = 1;
	classes = {
	};
	objectVersion = 50;
	objects = {

/* Begin PBXBuildFile section */
		481FD36423F896A400394B08 /* SceneDelegate.swift in Sources */ = {isa = PBXBuildFile; fileRef = 481FD36323F896A400394B08 /* SceneDelegate.swift */; };
		481FD36623F896A400394B08 /* WorkoutVC.swift in Sources */ = {isa = PBXBuildFile; fileRef = 481FD36523F896A400394B08 /* WorkoutVC.swift */; };
		481FD36923F896A400394B08 /* Main.storyboard in Resources */ = {isa = PBXBuildFile; fileRef = 481FD36723F896A400394B08 /* Main.storyboard */; };
		481FD36B23F896A500394B08 /* Assets.xcassets in Resources */ = {isa = PBXBuildFile; fileRef = 481FD36A23F896A500394B08 /* Assets.xcassets */; };
		481FD36E23F896A500394B08 /* LaunchScreen.storyboard in Resources */ = {isa = PBXBuildFile; fileRef = 481FD36C23F896A500394B08 /* LaunchScreen.storyboard */; };
		481FD37D23F8A2AB00394B08 /* IntentHandler.swift in Sources */ = {isa = PBXBuildFile; fileRef = 481FD37C23F8A2AB00394B08 /* IntentHandler.swift */; };
		481FD38123F8A2AB00394B08 /* IntentHandler.appex in Embed App Extensions */ = {isa = PBXBuildFile; fileRef = 481FD37A23F8A2AB00394B08 /* IntentHandler.appex */; settings = {ATTRIBUTES = (RemoveHeadersOnCopy, ); }; };
		4850BF5A23F8B4A4001C5037 /* AppDelegate.swift in Sources */ = {isa = PBXBuildFile; fileRef = 481FD36123F896A400394B08 /* AppDelegate.swift */; };
/* End PBXBuildFile section */

/* Begin PBXContainerItemProxy section */
		481FD37F23F8A2AB00394B08 /* PBXContainerItemProxy */ = {
			isa = PBXContainerItemProxy;
			containerPortal = 481FD35623F896A400394B08 /* Project object */;
			proxyType = 1;
			remoteGlobalIDString = 481FD37923F8A2AB00394B08;
			remoteInfo = IntentHandler;
		};
/* End PBXContainerItemProxy section */

/* Begin PBXCopyFilesBuildPhase section */
		481FD38523F8A2AB00394B08 /* Embed App Extensions */ = {
			isa = PBXCopyFilesBuildPhase;
			buildActionMask = 2147483647;
			dstPath = "";
			dstSubfolderSpec = 13;
			files = (
				481FD38123F8A2AB00394B08 /* IntentHandler.appex in Embed App Extensions */,
			);
			name = "Embed App Extensions";
			runOnlyForDeploymentPostprocessing = 0;
		};
/* End PBXCopyFilesBuildPhase section */

/* Begin PBXFileReference section */
		481FD35E23F896A400394B08 /* TabataTimer.app */ = {isa = PBXFileReference; explicitFileType = wrapper.application; includeInIndex = 0; path = TabataTimer.app; sourceTree = BUILT_PRODUCTS_DIR; };
		481FD36123F896A400394B08 /* AppDelegate.swift */ = {isa = PBXFileReference; lastKnownFileType = sourcecode.swift; path = AppDelegate.swift; sourceTree = "<group>"; };
		481FD36323F896A400394B08 /* SceneDelegate.swift */ = {isa = PBXFileReference; lastKnownFileType = sourcecode.swift; path = SceneDelegate.swift; sourceTree = "<group>"; };
		481FD36523F896A400394B08 /* WorkoutVC.swift */ = {isa = PBXFileReference; lastKnownFileType = sourcecode.swift; path = WorkoutVC.swift; sourceTree = "<group>"; };
		481FD36823F896A400394B08 /* Base */ = {isa = PBXFileReference; lastKnownFileType = file.storyboard; name = Base; path = Base.lproj/Main.storyboard; sourceTree = "<group>"; };
		481FD36A23F896A500394B08 /* Assets.xcassets */ = {isa = PBXFileReference; lastKnownFileType = folder.assetcatalog; path = Assets.xcassets; sourceTree = "<group>"; };
		481FD36D23F896A500394B08 /* Base */ = {isa = PBXFileReference; lastKnownFileType = file.storyboard; name = Base; path = Base.lproj/LaunchScreen.storyboard; sourceTree = "<group>"; };
		481FD36F23F896A500394B08 /* Info.plist */ = {isa = PBXFileReference; lastKnownFileType = text.plist.xml; path = Info.plist; sourceTree = "<group>"; };
		481FD37523F89FCD00394B08 /* TabataTimer.entitlements */ = {isa = PBXFileReference; lastKnownFileType = text.plist.entitlements; path = TabataTimer.entitlements; sourceTree = "<group>"; };
		481FD37A23F8A2AB00394B08 /* IntentHandler.appex */ = {isa = PBXFileReference; explicitFileType = "wrapper.app-extension"; includeInIndex = 0; path = IntentHandler.appex; sourceTree = BUILT_PRODUCTS_DIR; };
		481FD37C23F8A2AB00394B08 /* IntentHandler.swift */ = {isa = PBXFileReference; lastKnownFileType = sourcecode.swift; path = IntentHandler.swift; sourceTree = "<group>"; };
		481FD37E23F8A2AB00394B08 /* Info.plist */ = {isa = PBXFileReference; lastKnownFileType = text.plist.xml; path = Info.plist; sourceTree = "<group>"; };
/* End PBXFileReference section */

/* Begin PBXFrameworksBuildPhase section */
		481FD35B23F896A400394B08 /* Frameworks */ = {
			isa = PBXFrameworksBuildPhase;
			buildActionMask = 2147483647;
			files = (
			);
			runOnlyForDeploymentPostprocessing = 0;
		};
		481FD37723F8A2AB00394B08 /* Frameworks */ = {
			isa = PBXFrameworksBuildPhase;
			buildActionMask = 2147483647;
			files = (
			);
			runOnlyForDeploymentPostprocessing = 0;
		};
/* End PBXFrameworksBuildPhase section */

/* Begin PBXGroup section */
		481FD35523F896A400394B08 = {
			isa = PBXGroup;
			children = (
				481FD36023F896A400394B08 /* TabataTimer */,
				481FD37B23F8A2AB00394B08 /* IntentHandler */,
				481FD35F23F896A400394B08 /* Products */,
			);
			sourceTree = "<group>";
		};
		481FD35F23F896A400394B08 /* Products */ = {
			isa = PBXGroup;
			children = (
				481FD35E23F896A400394B08 /* TabataTimer.app */,
				481FD37A23F8A2AB00394B08 /* IntentHandler.appex */,
			);
			name = Products;
			sourceTree = "<group>";
		};
		481FD36023F896A400394B08 /* TabataTimer */ = {
			isa = PBXGroup;
			children = (
				481FD37523F89FCD00394B08 /* TabataTimer.entitlements */,
				481FD36123F896A400394B08 /* AppDelegate.swift */,
				481FD36323F896A400394B08 /* SceneDelegate.swift */,
				481FD36523F896A400394B08 /* WorkoutVC.swift */,
				481FD36723F896A400394B08 /* Main.storyboard */,
				481FD36A23F896A500394B08 /* Assets.xcassets */,
				481FD36C23F896A500394B08 /* LaunchScreen.storyboard */,
				481FD36F23F896A500394B08 /* Info.plist */,
			);
			path = TabataTimer;
			sourceTree = "<group>";
		};
		481FD37B23F8A2AB00394B08 /* IntentHandler */ = {
			isa = PBXGroup;
			children = (
				481FD37C23F8A2AB00394B08 /* IntentHandler.swift */,
				481FD37E23F8A2AB00394B08 /* Info.plist */,
			);
			path = IntentHandler;
			sourceTree = "<group>";
		};
/* End PBXGroup section */

/* Begin PBXNativeTarget section */
		481FD35D23F896A400394B08 /* TabataTimer */ = {
			isa = PBXNativeTarget;
			buildConfigurationList = 481FD37223F896A500394B08 /* Build configuration list for PBXNativeTarget "TabataTimer" */;
			buildPhases = (
				481FD35A23F896A400394B08 /* Sources */,
				481FD35B23F896A400394B08 /* Frameworks */,
				481FD35C23F896A400394B08 /* Resources */,
				481FD38523F8A2AB00394B08 /* Embed App Extensions */,
			);
			buildRules = (
			);
			dependencies = (
				481FD38023F8A2AB00394B08 /* PBXTargetDependency */,
			);
			name = TabataTimer;
			productName = TabataTimer;
			productReference = 481FD35E23F896A400394B08 /* TabataTimer.app */;
			productType = "com.apple.product-type.application";
		};
		481FD37923F8A2AB00394B08 /* IntentHandler */ = {
			isa = PBXNativeTarget;
			buildConfigurationList = 481FD38223F8A2AB00394B08 /* Build configuration list for PBXNativeTarget "IntentHandler" */;
			buildPhases = (
				481FD37623F8A2AB00394B08 /* Sources */,
				481FD37723F8A2AB00394B08 /* Frameworks */,
				481FD37823F8A2AB00394B08 /* Resources */,
			);
			buildRules = (
			);
			dependencies = (
			);
			name = IntentHandler;
			productName = IntentHandler;
			productReference = 481FD37A23F8A2AB00394B08 /* IntentHandler.appex */;
			productType = "com.apple.product-type.app-extension";
		};
/* End PBXNativeTarget section */

/* Begin PBXProject section */
		481FD35623F896A400394B08 /* Project object */ = {
			isa = PBXProject;
			attributes = {
				LastSwiftUpdateCheck = 1130;
				LastUpgradeCheck = 1130;
				ORGANIZATIONNAME = "Fred Lefevre";
				TargetAttributes = {
					481FD35D23F896A400394B08 = {
						CreatedOnToolsVersion = 11.3.1;
					};
					481FD37923F8A2AB00394B08 = {
						CreatedOnToolsVersion = 11.3.1;
					};
				};
			};
			buildConfigurationList = 481FD35923F896A400394B08 /* Build configuration list for PBXProject "TabataTimer" */;
			compatibilityVersion = "Xcode 9.3";
			developmentRegion = en;
			hasScannedForEncodings = 0;
			knownRegions = (
				en,
				Base,
			);
			mainGroup = 481FD35523F896A400394B08;
			productRefGroup = 481FD35F23F896A400394B08 /* Products */;
			projectDirPath = "";
			projectRoot = "";
			targets = (
				481FD35D23F896A400394B08 /* TabataTimer */,
				481FD37923F8A2AB00394B08 /* IntentHandler */,
			);
		};
/* End PBXProject section */

/* Begin PBXResourcesBuildPhase section */
		481FD35C23F896A400394B08 /* Resources */ = {
			isa = PBXResourcesBuildPhase;
			buildActionMask = 2147483647;
			files = (
				481FD36E23F896A500394B08 /* LaunchScreen.storyboard in Resources */,
				481FD36B23F896A500394B08 /* Assets.xcassets in Resources */,
				481FD36923F896A400394B08 /* Main.storyboard in Resources */,
			);
			runOnlyForDeploymentPostprocessing = 0;
		};
		481FD37823F8A2AB00394B08 /* Resources */ = {
			isa = PBXResourcesBuildPhase;
			buildActionMask = 2147483647;
			files = (
			);
			runOnlyForDeploymentPostprocessing = 0;
		};
/* End PBXResourcesBuildPhase section */

/* Begin PBXSourcesBuildPhase section */
		481FD35A23F896A400394B08 /* Sources */ = {
			isa = PBXSourcesBuildPhase;
			buildActionMask = 2147483647;
			files = (
				4850BF5A23F8B4A4001C5037 /* AppDelegate.swift in Sources */,
				481FD36623F896A400394B08 /* WorkoutVC.swift in Sources */,
				481FD36423F896A400394B08 /* SceneDelegate.swift in Sources */,
			);
			runOnlyForDeploymentPostprocessing = 0;
		};
		481FD37623F8A2AB00394B08 /* Sources */ = {
			isa = PBXSourcesBuildPhase;
			buildActionMask = 2147483647;
			files = (
				481FD37D23F8A2AB00394B08 /* IntentHandler.swift in Sources */,
			);
			runOnlyForDeploymentPostprocessing = 0;
		};
/* End PBXSourcesBuildPhase section */

/* Begin PBXTargetDependency section */
		481FD38023F8A2AB00394B08 /* PBXTargetDependency */ = {
			isa = PBXTargetDependency;
			target = 481FD37923F8A2AB00394B08 /* IntentHandler */;
			targetProxy = 481FD37F23F8A2AB00394B08 /* PBXContainerItemProxy */;
		};
/* End PBXTargetDependency section */

/* Begin PBXVariantGroup section */
		481FD36723F896A400394B08 /* Main.storyboard */ = {
			isa = PBXVariantGroup;
			children = (
				481FD36823F896A400394B08 /* Base */,
			);
			name = Main.storyboard;
			sourceTree = "<group>";
		};
		481FD36C23F896A500394B08 /* LaunchScreen.storyboard */ = {
			isa = PBXVariantGroup;
			children = (
				481FD36D23F896A500394B08 /* Base */,
			);
			name = LaunchScreen.storyboard;
			sourceTree = "<group>";
		};
/* End PBXVariantGroup section */

/* Begin XCBuildConfiguration section */
		481FD37023F896A500394B08 /* Debug */ = {
			isa = XCBuildConfiguration;
			buildSettings = {
				ALWAYS_SEARCH_USER_PATHS = NO;
				CLANG_ANALYZER_NONNULL = YES;
				CLANG_ANALYZER_NUMBER_OBJECT_CONVERSION = YES_AGGRESSIVE;
				CLANG_CXX_LANGUAGE_STANDARD = "gnu++14";
				CLANG_CXX_LIBRARY = "libc++";
				CLANG_ENABLE_MODULES = YES;
				CLANG_ENABLE_OBJC_ARC = YES;
				CLANG_ENABLE_OBJC_WEAK = YES;
				CLANG_WARN_BLOCK_CAPTURE_AUTORELEASING = YES;
				CLANG_WARN_BOOL_CONVERSION = YES;
				CLANG_WARN_COMMA = YES;
				CLANG_WARN_CONSTANT_CONVERSION = YES;
				CLANG_WARN_DEPRECATED_OBJC_IMPLEMENTATIONS = YES;
				CLANG_WARN_DIRECT_OBJC_ISA_USAGE = YES_ERROR;
				CLANG_WARN_DOCUMENTATION_COMMENTS = YES;
				CLANG_WARN_EMPTY_BODY = YES;
				CLANG_WARN_ENUM_CONVERSION = YES;
				CLANG_WARN_INFINITE_RECURSION = YES;
				CLANG_WARN_INT_CONVERSION = YES;
				CLANG_WARN_NON_LITERAL_NULL_CONVERSION = YES;
				CLANG_WARN_OBJC_IMPLICIT_RETAIN_SELF = YES;
				CLANG_WARN_OBJC_LITERAL_CONVERSION = YES;
				CLANG_WARN_OBJC_ROOT_CLASS = YES_ERROR;
				CLANG_WARN_RANGE_LOOP_ANALYSIS = YES;
				CLANG_WARN_STRICT_PROTOTYPES = YES;
				CLANG_WARN_SUSPICIOUS_MOVE = YES;
				CLANG_WARN_UNGUARDED_AVAILABILITY = YES_AGGRESSIVE;
				CLANG_WARN_UNREACHABLE_CODE = YES;
				CLANG_WARN__DUPLICATE_METHOD_MATCH = YES;
				COPY_PHASE_STRIP = NO;
				DEBUG_INFORMATION_FORMAT = dwarf;
				ENABLE_STRICT_OBJC_MSGSEND = YES;
				ENABLE_TESTABILITY = YES;
				GCC_C_LANGUAGE_STANDARD = gnu11;
				GCC_DYNAMIC_NO_PIC = NO;
				GCC_NO_COMMON_BLOCKS = YES;
				GCC_OPTIMIZATION_LEVEL = 0;
				GCC_PREPROCESSOR_DEFINITIONS = (
					"DEBUG=1",
					"$(inherited)",
				);
				GCC_WARN_64_TO_32_BIT_CONVERSION = YES;
				GCC_WARN_ABOUT_RETURN_TYPE = YES_ERROR;
				GCC_WARN_UNDECLARED_SELECTOR = YES;
				GCC_WARN_UNINITIALIZED_AUTOS = YES_AGGRESSIVE;
				GCC_WARN_UNUSED_FUNCTION = YES;
				GCC_WARN_UNUSED_VARIABLE = YES;
				IPHONEOS_DEPLOYMENT_TARGET = 13.2;
				MTL_ENABLE_DEBUG_INFO = INCLUDE_SOURCE;
				MTL_FAST_MATH = YES;
				ONLY_ACTIVE_ARCH = YES;
				SDKROOT = iphoneos;
				SWIFT_ACTIVE_COMPILATION_CONDITIONS = DEBUG;
				SWIFT_OPTIMIZATION_LEVEL = "-Onone";
			};
			name = Debug;
		};
		481FD37123F896A500394B08 /* Release */ = {
			isa = XCBuildConfiguration;
			buildSettings = {
				ALWAYS_SEARCH_USER_PATHS = NO;
				CLANG_ANALYZER_NONNULL = YES;
				CLANG_ANALYZER_NUMBER_OBJECT_CONVERSION = YES_AGGRESSIVE;
				CLANG_CXX_LANGUAGE_STANDARD = "gnu++14";
				CLANG_CXX_LIBRARY = "libc++";
				CLANG_ENABLE_MODULES = YES;
				CLANG_ENABLE_OBJC_ARC = YES;
				CLANG_ENABLE_OBJC_WEAK = YES;
				CLANG_WARN_BLOCK_CAPTURE_AUTORELEASING = YES;
				CLANG_WARN_BOOL_CONVERSION = YES;
				CLANG_WARN_COMMA = YES;
				CLANG_WARN_CONSTANT_CONVERSION = YES;
				CLANG_WARN_DEPRECATED_OBJC_IMPLEMENTATIONS = YES;
				CLANG_WARN_DIRECT_OBJC_ISA_USAGE = YES_ERROR;
				CLANG_WARN_DOCUMENTATION_COMMENTS = YES;
				CLANG_WARN_EMPTY_BODY = YES;
				CLANG_WARN_ENUM_CONVERSION = YES;
				CLANG_WARN_INFINITE_RECURSION = YES;
				CLANG_WARN_INT_CONVERSION = YES;
				CLANG_WARN_NON_LITERAL_NULL_CONVERSION = YES;
				CLANG_WARN_OBJC_IMPLICIT_RETAIN_SELF = YES;
				CLANG_WARN_OBJC_LITERAL_CONVERSION = YES;
				CLANG_WARN_OBJC_ROOT_CLASS = YES_ERROR;
				CLANG_WARN_RANGE_LOOP_ANALYSIS = YES;
				CLANG_WARN_STRICT_PROTOTYPES = YES;
				CLANG_WARN_SUSPICIOUS_MOVE = YES;
				CLANG_WARN_UNGUARDED_AVAILABILITY = YES_AGGRESSIVE;
				CLANG_WARN_UNREACHABLE_CODE = YES;
				CLANG_WARN__DUPLICATE_METHOD_MATCH = YES;
				COPY_PHASE_STRIP = NO;
				DEBUG_INFORMATION_FORMAT = "dwarf-with-dsym";
				ENABLE_NS_ASSERTIONS = NO;
				ENABLE_STRICT_OBJC_MSGSEND = YES;
				GCC_C_LANGUAGE_STANDARD = gnu11;
				GCC_NO_COMMON_BLOCKS = YES;
				GCC_WARN_64_TO_32_BIT_CONVERSION = YES;
				GCC_WARN_ABOUT_RETURN_TYPE = YES_ERROR;
				GCC_WARN_UNDECLARED_SELECTOR = YES;
				GCC_WARN_UNINITIALIZED_AUTOS = YES_AGGRESSIVE;
				GCC_WARN_UNUSED_FUNCTION = YES;
				GCC_WARN_UNUSED_VARIABLE = YES;
				IPHONEOS_DEPLOYMENT_TARGET = 13.2;
				MTL_ENABLE_DEBUG_INFO = NO;
				MTL_FAST_MATH = YES;
				SDKROOT = iphoneos;
				SWIFT_COMPILATION_MODE = wholemodule;
				SWIFT_OPTIMIZATION_LEVEL = "-O";
				VALIDATE_PRODUCT = YES;
			};
			name = Release;
		};
		481FD37323F896A500394B08 /* Debug */ = {
			isa = XCBuildConfiguration;
			buildSettings = {
				ALWAYS_EMBED_SWIFT_STANDARD_LIBRARIES = YES;
				ASSETCATALOG_COMPILER_APPICON_NAME = AppIcon;
				CODE_SIGN_ENTITLEMENTS = TabataTimer/TabataTimer.entitlements;
				CODE_SIGN_IDENTITY = "Apple Development";
				CODE_SIGN_STYLE = Automatic;
				DEVELOPMENT_TEAM = "";
				INFOPLIST_FILE = TabataTimer/Info.plist;
				LD_RUNPATH_SEARCH_PATHS = (
					"$(inherited)",
					"@executable_path/Frameworks",
				);
				PRODUCT_BUNDLE_IDENTIFIER = com.fredlefevre.TabataTimer;
				PRODUCT_NAME = "$(TARGET_NAME)";
				PROVISIONING_PROFILE_SPECIFIER = "";
				SWIFT_VERSION = 5.0;
				TARGETED_DEVICE_FAMILY = 1;
			};
			name = Debug;
		};
		481FD37423F896A500394B08 /* Release */ = {
			isa = XCBuildConfiguration;
			buildSettings = {
				ALWAYS_EMBED_SWIFT_STANDARD_LIBRARIES = YES;
				ASSETCATALOG_COMPILER_APPICON_NAME = AppIcon;
				CODE_SIGN_ENTITLEMENTS = TabataTimer/TabataTimer.entitlements;
				CODE_SIGN_IDENTITY = "Apple Development";
				CODE_SIGN_STYLE = Automatic;
				DEVELOPMENT_TEAM = "";
				INFOPLIST_FILE = TabataTimer/Info.plist;
				LD_RUNPATH_SEARCH_PATHS = (
					"$(inherited)",
					"@executable_path/Frameworks",
				);
				PRODUCT_BUNDLE_IDENTIFIER = com.fredlefevre.TabataTimer;
				PRODUCT_NAME = "$(TARGET_NAME)";
				PROVISIONING_PROFILE_SPECIFIER = "";
				SWIFT_VERSION = 5.0;
				TARGETED_DEVICE_FAMILY = 1;
			};
			name = Release;
		};
		481FD38323F8A2AB00394B08 /* Debug */ = {
			isa = XCBuildConfiguration;
			buildSettings = {
				CODE_SIGN_IDENTITY = "Apple Development";
				CODE_SIGN_STYLE = Automatic;
				DEVELOPMENT_TEAM = "";
				INFOPLIST_FILE = IntentHandler/Info.plist;
				LD_RUNPATH_SEARCH_PATHS = (
					"$(inherited)",
					"@executable_path/Frameworks",
					"@executable_path/../../Frameworks",
				);
				PRODUCT_BUNDLE_IDENTIFIER = com.fredlefevre.TabataTimer.IntentHandler;
				PRODUCT_NAME = "$(TARGET_NAME)";
				SKIP_INSTALL = YES;
				SWIFT_VERSION = 5.0;
				TARGETED_DEVICE_FAMILY = 1;
			};
			name = Debug;
		};
		481FD38423F8A2AB00394B08 /* Release */ = {
			isa = XCBuildConfiguration;
			buildSettings = {
				CODE_SIGN_IDENTITY = "Apple Development";
				CODE_SIGN_STYLE = Automatic;
				DEVELOPMENT_TEAM = "";
				INFOPLIST_FILE = IntentHandler/Info.plist;
				LD_RUNPATH_SEARCH_PATHS = (
					"$(inherited)",
					"@executable_path/Frameworks",
					"@executable_path/../../Frameworks",
				);
				PRODUCT_BUNDLE_IDENTIFIER = com.fredlefevre.TabataTimer.IntentHandler;
				PRODUCT_NAME = "$(TARGET_NAME)";
				SKIP_INSTALL = YES;
				SWIFT_VERSION = 5.0;
				TARGETED_DEVICE_FAMILY = 1;
			};
			name = Release;
		};
/* End XCBuildConfiguration section */

/* Begin XCConfigurationList section */
		481FD35923F896A400394B08 /* Build configuration list for PBXProject "TabataTimer" */ = {
			isa = XCConfigurationList;
			buildConfigurations = (
				481FD37023F896A500394B08 /* Debug */,
				481FD37123F896A500394B08 /* Release */,
			);
			defaultConfigurationIsVisible = 0;
			defaultConfigurationName = Release;
		};
		481FD37223F896A500394B08 /* Build configuration list for PBXNativeTarget "TabataTimer" */ = {
			isa = XCConfigurationList;
			buildConfigurations = (
				481FD37323F896A500394B08 /* Debug */,
				481FD37423F896A500394B08 /* Release */,
			);
			defaultConfigurationIsVisible = 0;
			defaultConfigurationName = Release;
		};
		481FD38223F8A2AB00394B08 /* Build configuration list for PBXNativeTarget "IntentHandler" */ = {
			isa = XCConfigurationList;
			buildConfigurations = (
				481FD38323F8A2AB00394B08 /* Debug */,
				481FD38423F8A2AB00394B08 /* Release */,
			);
			defaultConfigurationIsVisible = 0;
			defaultConfigurationName = Release;
		};
/* End XCConfigurationList section */
	};
	rootObject = 481FD35623F896A400394B08 /* Project object */;
}
